
Microsoft Visual Studio Solution File, Format Version 12.00
# Visual Studio Version 16
VisualStudioVersion = 16.0.33214.272
MinimumVisualStudioVersion = 10.0.40219.1
Project("{9A19103F-16F7-4668-BE54-9A1E7A4F7556}") = "CursoOnline.DominioTest", "test\CursoOnline.DominioTest\CursoOnline.DominioTest.csproj", "{320A6A82-AA47-4B70-982A-C1A6774613C7}"
EndProject
Project("{9A19103F-16F7-4668-BE54-9A1E7A4F7556}") = "CursoOnline.Dominio", "src\CursoOnline.Dominio\CursoOnline.Dominio.csproj", "{A121EDA5-0448-498E-B5C3-32C9AEB4B754}"
EndProject
Project("{FAE04EC0-301F-11D3-BF4B-00C04F79EFBC}") = "CursoOnline.Web", "src\CursoOnline.Web\CursoOnline.Web\CursoOnline.Web.csproj", "{B14F874C-C666-4448-B18B-EB4F1E269BA0}"
EndProject
Project("{FAE04EC0-301F-11D3-BF4B-00C04F79EFBC}") = "CursoOnline.Dados", "src\CursoOnline.Dados\CursoOnline.Dados\CursoOnline.Dados.csproj", "{E69D1CC7-5F68-4A60-908A-1A538B736236}"
EndProject
Global
	GlobalSection(SolutionConfigurationPlatforms) = preSolution
		Debug|Any CPU = Debug|Any CPU
		Release|Any CPU = Release|Any CPU
	EndGlobalSection
	GlobalSection(ProjectConfigurationPlatforms) = postSolution
		{320A6A82-AA47-4B70-982A-C1A6774613C7}.Debug|Any CPU.ActiveCfg = Debug|Any CPU
		{320A6A82-AA47-4B70-982A-C1A6774613C7}.Debug|Any CPU.Build.0 = Debug|Any CPU
		{320A6A82-AA47-4B70-982A-C1A6774613C7}.Release|Any CPU.ActiveCfg = Release|Any CPU
		{320A6A82-AA47-4B70-982A-C1A6774613C7}.Release|Any CPU.Build.0 = Release|Any CPU
		{A121EDA5-0448-498E-B5C3-32C9AEB4B754}.Debug|Any CPU.ActiveCfg = Debug|Any CPU
		{A121EDA5-0448-498E-B5C3-32C9AEB4B754}.Debug|Any CPU.Build.0 = Debug|Any CPU
		{A121EDA5-0448-498E-B5C3-32C9AEB4B754}.Release|Any CPU.ActiveCfg = Release|Any CPU
		{A121EDA5-0448-498E-B5C3-32C9AEB4B754}.Release|Any CPU.Build.0 = Release|Any CPU
		{B14F874C-C666-4448-B18B-EB4F1E269BA0}.Debug|Any CPU.ActiveCfg = Debug|Any CPU
		{B14F874C-C666-4448-B18B-EB4F1E269BA0}.Debug|Any CPU.Build.0 = Debug|Any CPU
		{B14F874C-C666-4448-B18B-EB4F1E269BA0}.Release|Any CPU.ActiveCfg = Release|Any CPU
		{B14F874C-C666-4448-B18B-EB4F1E269BA0}.Release|Any CPU.Build.0 = Release|Any CPU
		{E69D1CC7-5F68-4A60-908A-1A538B736236}.Debug|Any CPU.ActiveCfg = Debug|Any CPU
		{E69D1CC7-5F68-4A60-908A-1A538B736236}.Debug|Any CPU.Build.0 = Debug|Any CPU
		{E69D1CC7-5F68-4A60-908A-1A538B736236}.Release|Any CPU.ActiveCfg = Release|Any CPU
		{E69D1CC7-5F68-4A60-908A-1A538B736236}.Release|Any CPU.Build.0 = Release|Any CPU
	EndGlobalSection
	GlobalSection(SolutionProperties) = preSolution
		HideSolutionNode = FALSE
	EndGlobalSection
	GlobalSection(ExtensibilityGlobals) = postSolution
		SolutionGuid = {F1C7FD23-07C2-4926-B39D-4D2308783F9D}
	EndGlobalSection
EndGlobal
